// !$*UTF8*$!
{
	archiveVersion = 1;
	classes = {
	};
	objectVersion = 56;
	objects = {

/* Begin PBXBuildFile section */
		AA000001001 /* ClaudeUsageWidgetApp.swift in Sources */ = {isa = PBXBuildFile; fileRef = AA100001001 /* ClaudeUsageWidgetApp.swift */; };
		AA000001002 /* ContentView.swift in Sources */ = {isa = PBXBuildFile; fileRef = AA100001002 /* ContentView.swift */; };
		AA000001003 /* Assets.xcassets in Resources */ = {isa = PBXBuildFile; fileRef = AA100001003 /* Assets.xcassets */; };
		AA000001004 /* AppDelegate.swift in Sources */ = {isa = PBXBuildFile; fileRef = AA100001004 /* AppDelegate.swift */; };
		AA000001005 /* Constants.swift in Sources */ = {isa = PBXBuildFile; fileRef = AA100001005 /* Constants.swift */; };
		AA000001006 /* UsageData.swift in Sources */ = {isa = PBXBuildFile; fileRef = AA100001008 /* UsageData.swift */; };
		AA000001007 /* UserPreferences.swift in Sources */ = {isa = PBXBuildFile; fileRef = AA100001009 /* UserPreferences.swift */; };
		AA000001008 /* DataSharingService.swift in Sources */ = {isa = PBXBuildFile; fileRef = AA100001010 /* DataSharingService.swift */; };
		AA000001009 /* Protocols.swift in Sources */ = {isa = PBXBuildFile; fileRef = AA100001011 /* Protocols.swift */; };
		AA000001010 /* ViewConfigurations.swift in Sources */ = {isa = PBXBuildFile; fileRef = AA100001012 /* ViewConfigurations.swift */; };
		AA000001011 /* UsageViewModel.swift in Sources */ = {isa = PBXBuildFile; fileRef = AA100001013 /* UsageViewModel.swift */; };
		AA000001012 /* MenuBarView.swift in Sources */ = {isa = PBXBuildFile; fileRef = AA100001014 /* MenuBarView.swift */; };
		AA000001013 /* SettingsView.swift in Sources */ = {isa = PBXBuildFile; fileRef = AA100001015 /* SettingsView.swift */; };
		AA000001014 /* UsageView.swift in Sources */ = {isa = PBXBuildFile; fileRef = AA100001016 /* UsageView.swift */; };
		AA000001015 /* CLIService.swift in Sources */ = {isa = PBXBuildFile; fileRef = AA100001017 /* CLIService.swift */; };
		AA000001016 /* UsageParser.swift in Sources */ = {isa = PBXBuildFile; fileRef = AA100001018 /* UsageParser.swift */; };
		AA000001017 /* GlassBackground.swift in Sources */ = {isa = PBXBuildFile; fileRef = AA100001019 /* GlassBackground.swift */; };
		AA000001018 /* GlassProgressBar.swift in Sources */ = {isa = PBXBuildFile; fileRef = AA100001020 /* GlassProgressBar.swift */; };
		AA000001019 /* LastUpdatedView.swift in Sources */ = {isa = PBXBuildFile; fileRef = AA100001021 /* LastUpdatedView.swift */; };
		AA000001020 /* UsageRowView.swift in Sources */ = {isa = PBXBuildFile; fileRef = AA100001022 /* UsageRowView.swift */; };
		AA000002001 /* ClaudeUsageWidgetExtensionBundle.swift in Sources */ = {isa = PBXBuildFile; fileRef = AA100002001 /* ClaudeUsageWidgetExtensionBundle.swift */; };
		AA000002002 /* ClaudeUsageWidgetExtension.swift in Sources */ = {isa = PBXBuildFile; fileRef = AA100002002 /* ClaudeUsageWidgetExtension.swift */; };
		AA000002003 /* Assets.xcassets in Resources */ = {isa = PBXBuildFile; fileRef = AA100002003 /* Assets.xcassets */; };
		AA000002004 /* ClaudeUsageWidgetExtension.appex in Embed Foundation Extensions */ = {isa = PBXBuildFile; fileRef = AA200002000 /* ClaudeUsageWidgetExtension.appex */; settings = {ATTRIBUTES = (RemoveHeadersOnCopy, ); }; };
		AA000002005 /* Constants.swift in Sources */ = {isa = PBXBuildFile; fileRef = AA100001005 /* Constants.swift */; };
		AA000002006 /* UsageData.swift in Sources */ = {isa = PBXBuildFile; fileRef = AA100001008 /* UsageData.swift */; };
		AA000002007 /* UserPreferences.swift in Sources */ = {isa = PBXBuildFile; fileRef = AA100001009 /* UserPreferences.swift */; };
		AA000002008 /* DataSharingService.swift in Sources */ = {isa = PBXBuildFile; fileRef = AA100001010 /* DataSharingService.swift */; };
		AA000002009 /* Protocols.swift in Sources */ = {isa = PBXBuildFile; fileRef = AA100001011 /* Protocols.swift */; };
		AA000002010 /* ViewConfigurations.swift in Sources */ = {isa = PBXBuildFile; fileRef = AA100001012 /* ViewConfigurations.swift */; };
		AA000002011 /* UsageTimelineProvider.swift in Sources */ = {isa = PBXBuildFile; fileRef = AA100002006 /* UsageTimelineProvider.swift */; };
		AA000002012 /* SmallWidgetView.swift in Sources */ = {isa = PBXBuildFile; fileRef = AA100002007 /* SmallWidgetView.swift */; };
		AA000002013 /* MediumWidgetView.swift in Sources */ = {isa = PBXBuildFile; fileRef = AA100002008 /* MediumWidgetView.swift */; };
		AA000002014 /* LargeWidgetView.swift in Sources */ = {isa = PBXBuildFile; fileRef = AA100002009 /* LargeWidgetView.swift */; };
		AA000002015 /* WidgetGlassBackground.swift in Sources */ = {isa = PBXBuildFile; fileRef = AA100002010 /* WidgetGlassBackground.swift */; };
		AA000002016 /* WidgetGlassProgressBar.swift in Sources */ = {isa = PBXBuildFile; fileRef = AA100002011 /* WidgetGlassProgressBar.swift */; };
		AA000002017 /* WidgetLastUpdatedView.swift in Sources */ = {isa = PBXBuildFile; fileRef = AA100002012 /* WidgetLastUpdatedView.swift */; };
		AA000002018 /* WidgetUsageRowView.swift in Sources */ = {isa = PBXBuildFile; fileRef = AA100002013 /* WidgetUsageRowView.swift */; };
/* End PBXBuildFile section */

/* Begin PBXContainerItemProxy section */
		AA300001001 /* PBXContainerItemProxy */ = {
			isa = PBXContainerItemProxy;
			containerPortal = AA400000001 /* Project object */;
			proxyType = 1;
			remoteGlobalIDString = AA800002001;
			remoteInfo = ClaudeUsageWidgetExtension;
		};
/* End PBXContainerItemProxy section */

/* Begin PBXCopyFilesBuildPhase section */
		AA500001001 /* Embed Foundation Extensions */ = {
			isa = PBXCopyFilesBuildPhase;
			buildActionMask = 2147483647;
			dstPath = "";
			dstSubfolderSpec = 13;
			files = (
				AA000002004 /* ClaudeUsageWidgetExtension.appex in Embed Foundation Extensions */,
			);
			name = "Embed Foundation Extensions";
			runOnlyForDeploymentPostprocessing = 0;
		};
/* End PBXCopyFilesBuildPhase section */

/* Begin PBXFileReference section */
		AA100001001 /* ClaudeUsageWidgetApp.swift */ = {isa = PBXFileReference; lastKnownFileType = sourcecode.swift; path = ClaudeUsageWidgetApp.swift; sourceTree = "<group>"; };
		AA100001002 /* ContentView.swift */ = {isa = PBXFileReference; lastKnownFileType = sourcecode.swift; path = ContentView.swift; sourceTree = "<group>"; };
		AA100001003 /* Assets.xcassets */ = {isa = PBXFileReference; lastKnownFileType = folder.assetcatalog; path = Assets.xcassets; sourceTree = "<group>"; };
		AA100001004 /* AppDelegate.swift */ = {isa = PBXFileReference; lastKnownFileType = sourcecode.swift; path = AppDelegate.swift; sourceTree = "<group>"; };
		AA100001005 /* Constants.swift */ = {isa = PBXFileReference; lastKnownFileType = sourcecode.swift; path = Constants.swift; sourceTree = "<group>"; };
		AA100001006 /* ClaudeUsageWidget.entitlements */ = {isa = PBXFileReference; lastKnownFileType = text.plist.entitlements; path = ClaudeUsageWidget.entitlements; sourceTree = "<group>"; };
		AA100001007 /* Info.plist */ = {isa = PBXFileReference; lastKnownFileType = text.plist.xml; path = Info.plist; sourceTree = "<group>"; };
		AA100001008 /* UsageData.swift */ = {isa = PBXFileReference; lastKnownFileType = sourcecode.swift; path = UsageData.swift; sourceTree = "<group>"; };
		AA100001009 /* UserPreferences.swift */ = {isa = PBXFileReference; lastKnownFileType = sourcecode.swift; path = UserPreferences.swift; sourceTree = "<group>"; };
		AA100001010 /* DataSharingService.swift */ = {isa = PBXFileReference; lastKnownFileType = sourcecode.swift; path = DataSharingService.swift; sourceTree = "<group>"; };
		AA100001011 /* Protocols.swift */ = {isa = PBXFileReference; lastKnownFileType = sourcecode.swift; path = Protocols.swift; sourceTree = "<group>"; };
		AA100001012 /* ViewConfigurations.swift */ = {isa = PBXFileReference; lastKnownFileType = sourcecode.swift; path = ViewConfigurations.swift; sourceTree = "<group>"; };
		AA100001013 /* UsageViewModel.swift */ = {isa = PBXFileReference; lastKnownFileType = sourcecode.swift; path = UsageViewModel.swift; sourceTree = "<group>"; };
		AA100001014 /* MenuBarView.swift */ = {isa = PBXFileReference; lastKnownFileType = sourcecode.swift; path = MenuBarView.swift; sourceTree = "<group>"; };
		AA100001015 /* SettingsView.swift */ = {isa = PBXFileReference; lastKnownFileType = sourcecode.swift; path = SettingsView.swift; sourceTree = "<group>"; };
		AA100001016 /* UsageView.swift */ = {isa = PBXFileReference; lastKnownFileType = sourcecode.swift; path = UsageView.swift; sourceTree = "<group>"; };
		AA100001017 /* CLIService.swift */ = {isa = PBXFileReference; lastKnownFileType = sourcecode.swift; path = CLIService.swift; sourceTree = "<group>"; };
		AA100001018 /* UsageParser.swift */ = {isa = PBXFileReference; lastKnownFileType = sourcecode.swift; path = UsageParser.swift; sourceTree = "<group>"; };
		AA100001019 /* GlassBackground.swift */ = {isa = PBXFileReference; lastKnownFileType = sourcecode.swift; path = GlassBackground.swift; sourceTree = "<group>"; };
		AA100001020 /* GlassProgressBar.swift */ = {isa = PBXFileReference; lastKnownFileType = sourcecode.swift; path = GlassProgressBar.swift; sourceTree = "<group>"; };
		AA100001021 /* LastUpdatedView.swift */ = {isa = PBXFileReference; lastKnownFileType = sourcecode.swift; path = LastUpdatedView.swift; sourceTree = "<group>"; };
		AA100001022 /* UsageRowView.swift */ = {isa = PBXFileReference; lastKnownFileType = sourcecode.swift; path = UsageRowView.swift; sourceTree = "<group>"; };
		AA100002001 /* ClaudeUsageWidgetExtensionBundle.swift */ = {isa = PBXFileReference; lastKnownFileType = sourcecode.swift; path = ClaudeUsageWidgetExtensionBundle.swift; sourceTree = "<group>"; };
		AA100002002 /* ClaudeUsageWidgetExtension.swift */ = {isa = PBXFileReference; lastKnownFileType = sourcecode.swift; path = ClaudeUsageWidgetExtension.swift; sourceTree = "<group>"; };
		AA100002003 /* Assets.xcassets */ = {isa = PBXFileReference; lastKnownFileType = folder.assetcatalog; path = Assets.xcassets; sourceTree = "<group>"; };
		AA100002004 /* ClaudeUsageWidgetExtension.entitlements */ = {isa = PBXFileReference; lastKnownFileType = text.plist.entitlements; path = ClaudeUsageWidgetExtension.entitlements; sourceTree = "<group>"; };
		AA100002005 /* Info.plist */ = {isa = PBXFileReference; lastKnownFileType = text.plist.xml; path = Info.plist; sourceTree = "<group>"; };
		AA100002006 /* UsageTimelineProvider.swift */ = {isa = PBXFileReference; lastKnownFileType = sourcecode.swift; path = UsageTimelineProvider.swift; sourceTree = "<group>"; };
		AA100002007 /* SmallWidgetView.swift */ = {isa = PBXFileReference; lastKnownFileType = sourcecode.swift; path = SmallWidgetView.swift; sourceTree = "<group>"; };
		AA100002008 /* MediumWidgetView.swift */ = {isa = PBXFileReference; lastKnownFileType = sourcecode.swift; path = MediumWidgetView.swift; sourceTree = "<group>"; };
		AA100002009 /* LargeWidgetView.swift */ = {isa = PBXFileReference; lastKnownFileType = sourcecode.swift; path = LargeWidgetView.swift; sourceTree = "<group>"; };
		AA100002010 /* WidgetGlassBackground.swift */ = {isa = PBXFileReference; lastKnownFileType = sourcecode.swift; name = WidgetGlassBackground.swift; path = GlassBackground.swift; sourceTree = "<group>"; };
		AA100002011 /* WidgetGlassProgressBar.swift */ = {isa = PBXFileReference; lastKnownFileType = sourcecode.swift; name = WidgetGlassProgressBar.swift; path = GlassProgressBar.swift; sourceTree = "<group>"; };
		AA100002012 /* WidgetLastUpdatedView.swift */ = {isa = PBXFileReference; lastKnownFileType = sourcecode.swift; name = WidgetLastUpdatedView.swift; path = LastUpdatedView.swift; sourceTree = "<group>"; };
		AA100002013 /* WidgetUsageRowView.swift */ = {isa = PBXFileReference; lastKnownFileType = sourcecode.swift; name = WidgetUsageRowView.swift; path = UsageRowView.swift; sourceTree = "<group>"; };
		AA200001000 /* ClaudeUsageWidget.app */ = {isa = PBXFileReference; explicitFileType = wrapper.application; includeInIndex = 0; path = ClaudeUsageWidget.app; sourceTree = BUILT_PRODUCTS_DIR; };
		AA200002000 /* ClaudeUsageWidgetExtension.appex */ = {isa = PBXFileReference; explicitFileType = "wrapper.app-extension"; includeInIndex = 0; path = ClaudeUsageWidgetExtension.appex; sourceTree = BUILT_PRODUCTS_DIR; };
/* End PBXFileReference section */

/* Begin PBXFrameworksBuildPhase section */
		AA600001001 /* Frameworks */ = {
			isa = PBXFrameworksBuildPhase;
			buildActionMask = 2147483647;
			files = (
			);
			runOnlyForDeploymentPostprocessing = 0;
		};
		AA600002001 /* Frameworks */ = {
			isa = PBXFrameworksBuildPhase;
			buildActionMask = 2147483647;
			files = (
			);
			runOnlyForDeploymentPostprocessing = 0;
		};
/* End PBXFrameworksBuildPhase section */

/* Begin PBXGroup section */
		AA700000001 = {
			isa = PBXGroup;
			children = (
				AA700001001 /* ClaudeUsageWidget */,
				AA700002001 /* ClaudeUsageWidgetExtension */,
				AA700003001 /* Shared */,
				AA700004001 /* Products */,
			);
			sourceTree = "<group>";
		};
		AA700001001 /* ClaudeUsageWidget */ = {
			isa = PBXGroup;
			children = (
				AA700001002 /* App */,
				AA700001003 /* Views */,
				AA700001004 /* Services */,
				AA700001005 /* ViewModels */,
				AA100001001 /* ClaudeUsageWidgetApp.swift */,
				AA100001002 /* ContentView.swift */,
				AA100001003 /* Assets.xcassets */,
				AA100001006 /* ClaudeUsageWidget.entitlements */,
				AA100001007 /* Info.plist */,
			);
			path = ClaudeUsageWidget;
			sourceTree = "<group>";
		};
		AA700001002 /* App */ = {
			isa = PBXGroup;
			children = (
				AA100001004 /* AppDelegate.swift */,
			);
			path = App;
			sourceTree = "<group>";
		};
		AA700001003 /* Views */ = {
			isa = PBXGroup;
			children = (
				AA700001006 /* Components */,
				AA100001014 /* MenuBarView.swift */,
				AA100001015 /* SettingsView.swift */,
				AA100001016 /* UsageView.swift */,
			);
			path = Views;
			sourceTree = "<group>";
		};
		AA700001004 /* Services */ = {
			isa = PBXGroup;
			children = (
				AA100001017 /* CLIService.swift */,
				AA100001018 /* UsageParser.swift */,
			);
			path = Services;
			sourceTree = "<group>";
		};
		AA700001005 /* ViewModels */ = {
			isa = PBXGroup;
			children = (
				AA100001013 /* UsageViewModel.swift */,
			);
			path = ViewModels;
			sourceTree = "<group>";
		};
		AA700001006 /* Components */ = {
			isa = PBXGroup;
			children = (
				AA100001019 /* GlassBackground.swift */,
				AA100001020 /* GlassProgressBar.swift */,
				AA100001021 /* LastUpdatedView.swift */,
				AA100001022 /* UsageRowView.swift */,
			);
			path = Components;
			sourceTree = "<group>";
		};
		AA700002001 /* ClaudeUsageWidgetExtension */ = {
			isa = PBXGroup;
			children = (
				AA700002002 /* Views */,
				AA100002001 /* ClaudeUsageWidgetExtensionBundle.swift */,
				AA100002002 /* ClaudeUsageWidgetExtension.swift */,
				AA100002006 /* UsageTimelineProvider.swift */,
				AA100002003 /* Assets.xcassets */,
				AA100002004 /* ClaudeUsageWidgetExtension.entitlements */,
				AA100002005 /* Info.plist */,
			);
			path = ClaudeUsageWidgetExtension;
			sourceTree = "<group>";
		};
		AA700002002 /* Views */ = {
			isa = PBXGroup;
			children = (
				AA700002003 /* Components */,
				AA100002007 /* SmallWidgetView.swift */,
				AA100002008 /* MediumWidgetView.swift */,
				AA100002009 /* LargeWidgetView.swift */,
			);
			path = Views;
			sourceTree = "<group>";
		};
		AA700002003 /* Components */ = {
			isa = PBXGroup;
			children = (
				AA100002010 /* WidgetGlassBackground.swift */,
				AA100002011 /* WidgetGlassProgressBar.swift */,
				AA100002012 /* WidgetLastUpdatedView.swift */,
				AA100002013 /* WidgetUsageRowView.swift */,
			);
			path = Components;
			sourceTree = "<group>";
		};
		AA700003001 /* Shared */ = {
			isa = PBXGroup;
			children = (
				AA700003002 /* Models */,
				AA700003003 /* Services */,
				AA100001005 /* Constants.swift */,
				AA100001011 /* Protocols.swift */,
			);
			path = Shared;
			sourceTree = "<group>";
		};
		AA700003002 /* Models */ = {
			isa = PBXGroup;
			children = (
				AA100001008 /* UsageData.swift */,
				AA100001009 /* UserPreferences.swift */,
				AA100001012 /* ViewConfigurations.swift */,
			);
			path = Models;
			sourceTree = "<group>";
		};
		AA700003003 /* Services */ = {
			isa = PBXGroup;
			children = (
				AA100001010 /* DataSharingService.swift */,
			);
			path = Services;
			sourceTree = "<group>";
		};
		AA700004001 /* Products */ = {
			isa = PBXGroup;
			children = (
				AA200001000 /* ClaudeUsageWidget.app */,
				AA200002000 /* ClaudeUsageWidgetExtension.appex */,
			);
			name = Products;
			sourceTree = "<group>";
		};
/* End PBXGroup section */

/* Begin PBXNativeTarget section */
		AA800001001 /* ClaudeUsageWidget */ = {
			isa = PBXNativeTarget;
			buildConfigurationList = AAA00001001 /* Build configuration list for PBXNativeTarget "ClaudeUsageWidget" */;
			buildPhases = (
				AA900001001 /* Sources */,
				AA600001001 /* Frameworks */,
				AAB00001001 /* Resources */,
				AA500001001 /* Embed Foundation Extensions */,
			);
			buildRules = (
			);
			dependencies = (
				AAC00001001 /* PBXTargetDependency */,
			);
			name = ClaudeUsageWidget;
			productName = ClaudeUsageWidget;
			productReference = AA200001000 /* ClaudeUsageWidget.app */;
			productType = "com.apple.product-type.application";
		};
		AA800002001 /* ClaudeUsageWidgetExtension */ = {
			isa = PBXNativeTarget;
			buildConfigurationList = AAA00002001 /* Build configuration list for PBXNativeTarget "ClaudeUsageWidgetExtension" */;
			buildPhases = (
				AA900002001 /* Sources */,
				AA600002001 /* Frameworks */,
				AAB00002001 /* Resources */,
			);
			buildRules = (
			);
			dependencies = (
			);
			name = ClaudeUsageWidgetExtension;
			productName = ClaudeUsageWidgetExtension;
			productReference = AA200002000 /* ClaudeUsageWidgetExtension.appex */;
			productType = "com.apple.product-type.app-extension";
		};
/* End PBXNativeTarget section */

/* Begin PBXProject section */
		AA400000001 /* Project object */ = {
			isa = PBXProject;
			attributes = {
				BuildIndependentTargetsInParallel = 1;
				LastSwiftUpdateCheck = 1520;
				LastUpgradeCheck = 1520;
				TargetAttributes = {
					AA800001001 = {
						CreatedOnToolsVersion = 15.2;
					};
					AA800002001 = {
						CreatedOnToolsVersion = 15.2;
					};
				};
			};
			buildConfigurationList = AAA00000001 /* Build configuration list for PBXProject "ClaudeUsageWidget" */;
			compatibilityVersion = "Xcode 14.0";
			developmentRegion = en;
			hasScannedForEncodings = 0;
			knownRegions = (
				en,
				Base,
			);
			mainGroup = AA700000001;
			productRefGroup = AA700004001 /* Products */;
			projectDirPath = "";
			projectRoot = "";
			targets = (
				AA800001001 /* ClaudeUsageWidget */,
				AA800002001 /* ClaudeUsageWidgetExtension */,
			);
		};
/* End PBXProject section */

/* Begin PBXResourcesBuildPhase section */
		AAB00001001 /* Resources */ = {
			isa = PBXResourcesBuildPhase;
			buildActionMask = 2147483647;
			files = (
				AA000001003 /* Assets.xcassets in Resources */,
			);
			runOnlyForDeploymentPostprocessing = 0;
		};
		AAB00002001 /* Resources */ = {
			isa = PBXResourcesBuildPhase;
			buildActionMask = 2147483647;
			files = (
				AA000002003 /* Assets.xcassets in Resources */,
			);
			runOnlyForDeploymentPostprocessing = 0;
		};
/* End PBXResourcesBuildPhase section */

/* Begin PBXSourcesBuildPhase section */
		AA900001001 /* Sources */ = {
			isa = PBXSourcesBuildPhase;
			buildActionMask = 2147483647;
			files = (
				AA000001001 /* ClaudeUsageWidgetApp.swift in Sources */,
				AA000001002 /* ContentView.swift in Sources */,
				AA000001004 /* AppDelegate.swift in Sources */,
				AA000001005 /* Constants.swift in Sources */,
				AA000001006 /* UsageData.swift in Sources */,
				AA000001007 /* UserPreferences.swift in Sources */,
				AA000001008 /* DataSharingService.swift in Sources */,
				AA000001009 /* Protocols.swift in Sources */,
				AA000001010 /* ViewConfigurations.swift in Sources */,
				AA000001011 /* UsageViewModel.swift in Sources */,
				AA000001012 /* MenuBarView.swift in Sources */,
				AA000001013 /* SettingsView.swift in Sources */,
				AA000001014 /* UsageView.swift in Sources */,
				AA000001015 /* CLIService.swift in Sources */,
				AA000001016 /* UsageParser.swift in Sources */,
				AA000001017 /* GlassBackground.swift in Sources */,
				AA000001018 /* GlassProgressBar.swift in Sources */,
				AA000001019 /* LastUpdatedView.swift in Sources */,
				AA000001020 /* UsageRowView.swift in Sources */,
			);
			runOnlyForDeploymentPostprocessing = 0;
		};
		AA900002001 /* Sources */ = {
			isa = PBXSourcesBuildPhase;
			buildActionMask = 2147483647;
			files = (
				AA000002001 /* ClaudeUsageWidgetExtensionBundle.swift in Sources */,
				AA000002002 /* ClaudeUsageWidgetExtension.swift in Sources */,
				AA000002005 /* Constants.swift in Sources */,
				AA000002006 /* UsageData.swift in Sources */,
				AA000002007 /* UserPreferences.swift in Sources */,
				AA000002008 /* DataSharingService.swift in Sources */,
				AA000002009 /* Protocols.swift in Sources */,
				AA000002010 /* ViewConfigurations.swift in Sources */,
				AA000002011 /* UsageTimelineProvider.swift in Sources */,
				AA000002012 /* SmallWidgetView.swift in Sources */,
				AA000002013 /* MediumWidgetView.swift in Sources */,
				AA000002014 /* LargeWidgetView.swift in Sources */,
				AA000002015 /* WidgetGlassBackground.swift in Sources */,
				AA000002016 /* WidgetGlassProgressBar.swift in Sources */,
				AA000002017 /* WidgetLastUpdatedView.swift in Sources */,
				AA000002018 /* WidgetUsageRowView.swift in Sources */,
			);
			runOnlyForDeploymentPostprocessing = 0;
		};
/* End PBXSourcesBuildPhase section */

/* Begin PBXTargetDependency section */
		AAC00001001 /* PBXTargetDependency */ = {
			isa = PBXTargetDependency;
			target = AA800002001 /* ClaudeUsageWidgetExtension */;
			targetProxy = AA300001001 /* PBXContainerItemProxy */;
		};
/* End PBXTargetDependency section */

/* Begin XCBuildConfiguration section */
		AAD00000001 /* Debug */ = {
			isa = XCBuildConfiguration;
			buildSettings = {
				ALWAYS_SEARCH_USER_PATHS = NO;
				ASSETCATALOG_COMPILER_GENERATE_SWIFT_ASSET_SYMBOL_EXTENSIONS = YES;
				CLANG_ANALYZER_NONNULL = YES;
				CLANG_ANALYZER_NUMBER_OBJECT_CONVERSION = YES_AGGRESSIVE;
				CLANG_CXX_LANGUAGE_STANDARD = "gnu++20";
				CLANG_ENABLE_MODULES = YES;
				CLANG_ENABLE_OBJC_ARC = YES;
				CLANG_ENABLE_OBJC_WEAK = YES;
				CLANG_WARN_BLOCK_CAPTURE_AUTORELEASING = YES;
				CLANG_WARN_BOOL_CONVERSION = YES;
				CLANG_WARN_COMMA = YES;
				CLANG_WARN_CONSTANT_CONVERSION = YES;
				CLANG_WARN_DEPRECATED_OBJC_IMPLEMENTATIONS = YES;
				CLANG_WARN_DIRECT_OBJC_ISA_USAGE = YES_ERROR;
				CLANG_WARN_DOCUMENTATION_COMMENTS = YES;
				CLANG_WARN_EMPTY_BODY = YES;
				CLANG_WARN_ENUM_CONVERSION = YES;
				CLANG_WARN_INFINITE_RECURSION = YES;
				CLANG_WARN_INT_CONVERSION = YES;
				CLANG_WARN_NON_LITERAL_NULL_CONVERSION = YES;
				CLANG_WARN_OBJC_IMPLICIT_RETAIN_SELF = YES;
				CLANG_WARN_OBJC_LITERAL_CONVERSION = YES;
				CLANG_WARN_OBJC_ROOT_CLASS = YES_ERROR;
				CLANG_WARN_QUOTED_INCLUDE_IN_FRAMEWORK_HEADER = YES;
				CLANG_WARN_RANGE_LOOP_ANALYSIS = YES;
				CLANG_WARN_STRICT_PROTOTYPES = YES;
				CLANG_WARN_SUSPICIOUS_MOVE = YES;
				CLANG_WARN_UNGUARDED_AVAILABILITY = YES_AGGRESSIVE;
				CLANG_WARN_UNREACHABLE_CODE = YES;
				CLANG_WARN__DUPLICATE_METHOD_MATCH = YES;
				COPY_PHASE_STRIP = NO;
				DEBUG_INFORMATION_FORMAT = dwarf;
				ENABLE_STRICT_OBJC_MSGSEND = YES;
				ENABLE_TESTABILITY = YES;
				ENABLE_USER_SCRIPT_SANDBOXING = YES;
				GCC_C_LANGUAGE_STANDARD = gnu17;
				GCC_DYNAMIC_NO_PIC = NO;
				GCC_NO_COMMON_BLOCKS = YES;
				GCC_OPTIMIZATION_LEVEL = 0;
				GCC_PREPROCESSOR_DEFINITIONS = (
					"DEBUG=1",
					"$(inherited)",
				);
				GCC_WARN_64_TO_32_BIT_CONVERSION = YES;
				GCC_WARN_ABOUT_RETURN_TYPE = YES_ERROR;
				GCC_WARN_UNDECLARED_SELECTOR = YES;
				GCC_WARN_UNINITIALIZED_AUTOS = YES_AGGRESSIVE;
				GCC_WARN_UNUSED_FUNCTION = YES;
				GCC_WARN_UNUSED_VARIABLE = YES;
				LOCALIZATION_PREFERS_STRING_CATALOGS = YES;
				MACOSX_DEPLOYMENT_TARGET = 14.0;
				MTL_ENABLE_DEBUG_INFO = INCLUDE_SOURCE;
				MTL_FAST_MATH = YES;
				ONLY_ACTIVE_ARCH = YES;
				SDKROOT = macosx;
				SWIFT_ACTIVE_COMPILATION_CONDITIONS = "DEBUG $(inherited)";
				SWIFT_OPTIMIZATION_LEVEL = "-Onone";
			};
			name = Debug;
		};
		AAD00000002 /* Release */ = {
			isa = XCBuildConfiguration;
			buildSettings = {
				ALWAYS_SEARCH_USER_PATHS = NO;
				ASSETCATALOG_COMPILER_GENERATE_SWIFT_ASSET_SYMBOL_EXTENSIONS = YES;
				CLANG_ANALYZER_NONNULL = YES;
				CLANG_ANALYZER_NUMBER_OBJECT_CONVERSION = YES_AGGRESSIVE;
				CLANG_CXX_LANGUAGE_STANDARD = "gnu++20";
				CLANG_ENABLE_MODULES = YES;
				CLANG_ENABLE_OBJC_ARC = YES;
				CLANG_ENABLE_OBJC_WEAK = YES;
				CLANG_WARN_BLOCK_CAPTURE_AUTORELEASING = YES;
				CLANG_WARN_BOOL_CONVERSION = YES;
				CLANG_WARN_COMMA = YES;
				CLANG_WARN_CONSTANT_CONVERSION = YES;
				CLANG_WARN_DEPRECATED_OBJC_IMPLEMENTATIONS = YES;
				CLANG_WARN_DIRECT_OBJC_ISA_USAGE = YES_ERROR;
				CLANG_WARN_DOCUMENTATION_COMMENTS = YES;
				CLANG_WARN_EMPTY_BODY = YES;
				CLANG_WARN_ENUM_CONVERSION = YES;
				CLANG_WARN_INFINITE_RECURSION = YES;
				CLANG_WARN_INT_CONVERSION = YES;
				CLANG_WARN_NON_LITERAL_NULL_CONVERSION = YES;
				CLANG_WARN_OBJC_IMPLICIT_RETAIN_SELF = YES;
				CLANG_WARN_OBJC_LITERAL_CONVERSION = YES;
				CLANG_WARN_OBJC_ROOT_CLASS = YES_ERROR;
				CLANG_WARN_QUOTED_INCLUDE_IN_FRAMEWORK_HEADER = YES;
				CLANG_WARN_RANGE_LOOP_ANALYSIS = YES;
				CLANG_WARN_STRICT_PROTOTYPES = YES;
				CLANG_WARN_SUSPICIOUS_MOVE = YES;
				CLANG_WARN_UNGUARDED_AVAILABILITY = YES_AGGRESSIVE;
				CLANG_WARN_UNREACHABLE_CODE = YES;
				CLANG_WARN__DUPLICATE_METHOD_MATCH = YES;
				COPY_PHASE_STRIP = NO;
				DEBUG_INFORMATION_FORMAT = "dwarf-with-dsym";
				ENABLE_NS_ASSERTIONS = NO;
				ENABLE_STRICT_OBJC_MSGSEND = YES;
				ENABLE_USER_SCRIPT_SANDBOXING = YES;
				GCC_C_LANGUAGE_STANDARD = gnu17;
				GCC_NO_COMMON_BLOCKS = YES;
				GCC_WARN_64_TO_32_BIT_CONVERSION = YES;
				GCC_WARN_ABOUT_RETURN_TYPE = YES_ERROR;
				GCC_WARN_UNDECLARED_SELECTOR = YES;
				GCC_WARN_UNINITIALIZED_AUTOS = YES_AGGRESSIVE;
				GCC_WARN_UNUSED_FUNCTION = YES;
				GCC_WARN_UNUSED_VARIABLE = YES;
				LOCALIZATION_PREFERS_STRING_CATALOGS = YES;
				MACOSX_DEPLOYMENT_TARGET = 14.0;
				MTL_ENABLE_DEBUG_INFO = NO;
				MTL_FAST_MATH = YES;
				SDKROOT = macosx;
				SWIFT_COMPILATION_MODE = wholemodule;
			};
			name = Release;
		};
		AAD00001001 /* Debug */ = {
			isa = XCBuildConfiguration;
			buildSettings = {
				ASSETCATALOG_COMPILER_APPICON_NAME = AppIcon;
				ASSETCATALOG_COMPILER_GLOBAL_ACCENT_COLOR_NAME = AccentColor;
				CODE_SIGN_ENTITLEMENTS = ClaudeUsageWidget/ClaudeUsageWidget.entitlements;
				CODE_SIGN_STYLE = Automatic;
				COMBINE_HIDPI_IMAGES = YES;
				CURRENT_PROJECT_VERSION = 1;
				DEVELOPMENT_TEAM = "";
				ENABLE_HARDENED_RUNTIME = YES;
				GENERATE_INFOPLIST_FILE = NO;
				INFOPLIST_FILE = ClaudeUsageWidget/Info.plist;
				INFOPLIST_KEY_CFBundleDisplayName = "Claude Usage Widget";
				INFOPLIST_KEY_LSApplicationCategoryType = "public.app-category.utilities";
				INFOPLIST_KEY_NSHumanReadableCopyright = "";
				LD_RUNPATH_SEARCH_PATHS = (
					"$(inherited)",
					"@executable_path/../Frameworks",
				);
				MARKETING_VERSION = 1.0;
				PRODUCT_BUNDLE_IDENTIFIER = com.agf.ClaudeUsageWidget;
				PRODUCT_NAME = "$(TARGET_NAME)";
				SWIFT_EMIT_LOC_STRINGS = YES;
				SWIFT_VERSION = 5.0;
			};
			name = Debug;
		};
		AAD00001002 /* Release */ = {
			isa = XCBuildConfiguration;
			buildSettings = {
				ASSETCATALOG_COMPILER_APPICON_NAME = AppIcon;
				ASSETCATALOG_COMPILER_GLOBAL_ACCENT_COLOR_NAME = AccentColor;
				CODE_SIGN_ENTITLEMENTS = ClaudeUsageWidget/ClaudeUsageWidget.entitlements;
				CODE_SIGN_STYLE = Automatic;
				COMBINE_HIDPI_IMAGES = YES;
				CURRENT_PROJECT_VERSION = 1;
				DEVELOPMENT_TEAM = "";
				ENABLE_HARDENED_RUNTIME = YES;
				GENERATE_INFOPLIST_FILE = NO;
				INFOPLIST_FILE = ClaudeUsageWidget/Info.plist;
				INFOPLIST_KEY_CFBundleDisplayName = "Claude Usage Widget";
				INFOPLIST_KEY_LSApplicationCategoryType = "public.app-category.utilities";
				INFOPLIST_KEY_NSHumanReadableCopyright = "";
				LD_RUNPATH_SEARCH_PATHS = (
					"$(inherited)",
					"@executable_path/../Frameworks",
				);
				MARKETING_VERSION = 1.0;
				PRODUCT_BUNDLE_IDENTIFIER = com.agf.ClaudeUsageWidget;
				PRODUCT_NAME = "$(TARGET_NAME)";
				SWIFT_EMIT_LOC_STRINGS = YES;
				SWIFT_VERSION = 5.0;
			};
			name = Release;
		};
		AAD00002001 /* Debug */ = {
			isa = XCBuildConfiguration;
			buildSettings = {
				ASSETCATALOG_COMPILER_GLOBAL_ACCENT_COLOR_NAME = AccentColor;
				ASSETCATALOG_COMPILER_WIDGET_BACKGROUND_COLOR_NAME = WidgetBackground;
				CODE_SIGN_ENTITLEMENTS = ClaudeUsageWidgetExtension/ClaudeUsageWidgetExtension.entitlements;
				CODE_SIGN_STYLE = Automatic;
				CURRENT_PROJECT_VERSION = 1;
				DEVELOPMENT_TEAM = "";
				GENERATE_INFOPLIST_FILE = NO;
				INFOPLIST_FILE = ClaudeUsageWidgetExtension/Info.plist;
				INFOPLIST_KEY_CFBundleDisplayName = "Claude Usage Widget";
				INFOPLIST_KEY_NSHumanReadableCopyright = "";
				LD_RUNPATH_SEARCH_PATHS = (
					"$(inherited)",
					"@executable_path/../Frameworks",
					"@executable_path/../../../../Frameworks",
				);
				MARKETING_VERSION = 1.0;
				PRODUCT_BUNDLE_IDENTIFIER = com.agf.ClaudeUsageWidget.ClaudeUsageWidgetExtension;
				PRODUCT_NAME = "$(TARGET_NAME)";
				SKIP_INSTALL = YES;
				SWIFT_EMIT_LOC_STRINGS = YES;
				SWIFT_VERSION = 5.0;
			};
			name = Debug;
		};
		AAD00002002 /* Release */ = {
			isa = XCBuildConfiguration;
			buildSettings = {
				ASSETCATALOG_COMPILER_GLOBAL_ACCENT_COLOR_NAME = AccentColor;
				ASSETCATALOG_COMPILER_WIDGET_BACKGROUND_COLOR_NAME = WidgetBackground;
				CODE_SIGN_ENTITLEMENTS = ClaudeUsageWidgetExtension/ClaudeUsageWidgetExtension.entitlements;
				CODE_SIGN_STYLE = Automatic;
				CURRENT_PROJECT_VERSION = 1;
				DEVELOPMENT_TEAM = "";
				GENERATE_INFOPLIST_FILE = NO;
				INFOPLIST_FILE = ClaudeUsageWidgetExtension/Info.plist;
				INFOPLIST_KEY_CFBundleDisplayName = "Claude Usage Widget";
				INFOPLIST_KEY_NSHumanReadableCopyright = "";
				LD_RUNPATH_SEARCH_PATHS = (
					"$(inherited)",
					"@executable_path/../Frameworks",
					"@executable_path/../../../../Frameworks",
				);
				MARKETING_VERSION = 1.0;
				PRODUCT_BUNDLE_IDENTIFIER = com.agf.ClaudeUsageWidget.ClaudeUsageWidgetExtension;
				PRODUCT_NAME = "$(TARGET_NAME)";
				SKIP_INSTALL = YES;
				SWIFT_EMIT_LOC_STRINGS = YES;
				SWIFT_VERSION = 5.0;
			};
			name = Release;
		};
/* End XCBuildConfiguration section */

/* Begin XCConfigurationList section */
		AAA00000001 /* Build configuration list for PBXProject "ClaudeUsageWidget" */ = {
			isa = XCConfigurationList;
			buildConfigurations = (
				AAD00000001 /* Debug */,
				AAD00000002 /* Release */,
			);
			defaultConfigurationIsVisible = 0;
			defaultConfigurationName = Release;
		};
		AAA00001001 /* Build configuration list for PBXNativeTarget "ClaudeUsageWidget" */ = {
			isa = XCConfigurationList;
			buildConfigurations = (
				AAD00001001 /* Debug */,
				AAD00001002 /* Release */,
			);
			defaultConfigurationIsVisible = 0;
			defaultConfigurationName = Release;
		};
		AAA00002001 /* Build configuration list for PBXNativeTarget "ClaudeUsageWidgetExtension" */ = {
			isa = XCConfigurationList;
			buildConfigurations = (
				AAD00002001 /* Debug */,
				AAD00002002 /* Release */,
			);
			defaultConfigurationIsVisible = 0;
			defaultConfigurationName = Release;
		};
/* End XCConfigurationList section */
	};
	rootObject = AA400000001 /* Project object */;
}
